{
    "_readme": [
        "This file locks the dependencies of your project to a known state",
        "Read more about it at https://getcomposer.org/doc/01-basic-usage.md#composer-lock-the-lock-file",
        "This file is @generated automatically"
    ],
    "hash": "244ae90444b45e3d05db1852849f9236",
    "content-hash": "1fa4d74a539e6606ea2513b581665121",
    "packages": [
        {
            "name": "bcosca/fatfree-core",
            "version": "3.5.1",
            "source": {
                "type": "git",
                "url": "https://github.com/bcosca/fatfree-core.git",
                "reference": "f7ce46c9f93808ec52b9cb904bcb02367c29ca43"
            },
            "dist": {
                "type": "zip",
                "url": "https://api.github.com/repos/bcosca/fatfree-core/zipball/f7ce46c9f93808ec52b9cb904bcb02367c29ca43",
                "reference": "f7ce46c9f93808ec52b9cb904bcb02367c29ca43",
                "shasum": ""
            },
            "require": {
                "php": ">=5.3.6"
            },
            "type": "library",
            "autoload": {
                "classmap": [
                    "."
                ]
            },
            "notification-url": "https://packagist.org/downloads/",
            "license": [
                "GPL-3.0"
            ],
            "description": "A powerful yet easy-to-use PHP micro-framework designed to help you build dynamic and robust Web applications - fast!",
            "homepage": "http://fatfreeframework.com/",
            "time": "2015-12-31 17:11:22"
        },
        {
            "name": "ikkez/f3-cortex",
            "version": "v1.4.0",
            "source": {
                "type": "git",
                "url": "https://github.com/ikkez/f3-cortex.git",
                "reference": "7662c46628aa7219a9976f7b7429d744fc9a6c52"
            },
            "dist": {
                "type": "zip",
                "url": "https://api.github.com/repos/ikkez/f3-cortex/zipball/7662c46628aa7219a9976f7b7429d744fc9a6c52",
                "reference": "7662c46628aa7219a9976f7b7429d744fc9a6c52",
                "shasum": ""
            },
            "require": {
                "ikkez/f3-schema-builder": "2.*"
            },
            "type": "library",
            "autoload": {
                "classmap": [
                    "lib/"
                ]
            },
            "notification-url": "https://packagist.org/downloads/",
            "license": [
                "GPL-3.0"
            ],
            "description": "A multi-engine ORM / ODM for the PHP Fat-Free Framework",
            "homepage": "https://github.com/ikkez/f3-cortex",
            "keywords": [
                "F3",
                "fatfree",
                "mongo",
                "orm",
                "sql"
            ],
            "time": "2015-06-04 21:38:03"
        },
        {
            "name": "ikkez/f3-schema-builder",
            "version": "v2.1.1",
            "source": {
                "type": "git",
                "url": "https://github.com/ikkez/f3-schema-builder.git",
                "reference": "8ecf2eb6b7079d76b8923a8a5ad34c331ad8f557"
            },
            "dist": {
                "type": "zip",
                "url": "https://api.github.com/repos/ikkez/f3-schema-builder/zipball/8ecf2eb6b7079d76b8923a8a5ad34c331ad8f557",
                "reference": "8ecf2eb6b7079d76b8923a8a5ad34c331ad8f557",
                "shasum": ""
            },
            "type": "library",
            "autoload": {
                "classmap": [
                    "lib/"
                ]
            },
            "notification-url": "https://packagist.org/downloads/",
            "license": [
                "GPL-3.0"
            ],
            "description": "SQL Schema Builder Plugin for PHP Fat-Free Framework",
            "homepage": "https://github.com/ikkez/f3-schema-builder",
            "keywords": [
                "F3",
                "fatfree",
                "sql"
            ],
            "time": "2015-05-18 21:21:50"
        }
    ],
    "packages-dev": [],
    "aliases": [],
    "minimum-stability": "stable",
    "stability-flags": [],
    "prefer-stable": false,
    "prefer-lowest": false,
    "platform": [],
    "platform-dev": []
}
