{
    "_readme": [
        "This file locks the dependencies of your project to a known state",
        "Read more about it at https://getcomposer.org/doc/01-basic-usage.md#composer-lock-the-lock-file",
        "This file is @generated automatically"
    ],
    "content-hash": "853fd918892bd1ef084a81d3c59c5d56",
    "packages": [
        {
            "name": "bcosca/fatfree-core",
            "version": "3.6.3",
            "source": {
                "type": "git",
                "url": "https://github.com/bcosca/fatfree-core.git",
                "reference": "b35fe7ae88f6f3667c50c36563b50e5a1ec36bb1"
            },
            "dist": {
                "type": "zip",
                "url": "https://api.github.com/repos/bcosca/fatfree-core/zipball/b35fe7ae88f6f3667c50c36563b50e5a1ec36bb1",
                "reference": "b35fe7ae88f6f3667c50c36563b50e5a1ec36bb1",
                "shasum": ""
            },
            "require": {
                "php": ">=5.4"
            },
            "type": "library",
            "autoload": {
                "classmap": [
                    "."
                ]
            },
            "notification-url": "https://packagist.org/downloads/",
            "license": [
                "GPL-3.0"
            ],
            "description": "A powerful yet easy-to-use PHP micro-framework designed to help you build dynamic and robust Web applications - fast!",
            "homepage": "http://fatfreeframework.com/",
            "time": "2017-12-31T14:47:39+00:00"
        },
        {
            "name": "ikkez/f3-cortex",
            "version": "v1.5.0",
            "source": {
                "type": "git",
                "url": "https://github.com/ikkez/f3-cortex.git",
                "reference": "2cd1712eeae33c9d05716e8a1d8e3796f0ea4016"
            },
            "dist": {
                "type": "zip",
                "url": "https://api.github.com/repos/ikkez/f3-cortex/zipball/2cd1712eeae33c9d05716e8a1d8e3796f0ea4016",
                "reference": "2cd1712eeae33c9d05716e8a1d8e3796f0ea4016",
                "shasum": ""
            },
            "require": {
                "ikkez/f3-schema-builder": "2.*"
            },
            "type": "library",
            "autoload": {
                "classmap": [
                    "lib/"
                ]
            },
            "notification-url": "https://packagist.org/downloads/",
            "license": [
                "GPL-3.0"
            ],
            "description": "A multi-engine ORM / ODM for the PHP Fat-Free Framework",
            "homepage": "https://github.com/ikkez/f3-cortex",
            "keywords": [
                "F3",
                "fatfree",
                "mongo",
                "orm",
                "sql"
            ],
            "time": "2017-06-30T13:23:09+00:00"
        },
        {
            "name": "ikkez/f3-schema-builder",
            "version": "v2.1.1",
            "source": {
                "type": "git",
                "url": "https://github.com/ikkez/f3-schema-builder.git",
                "reference": "8ecf2eb6b7079d76b8923a8a5ad34c331ad8f557"
            },
            "dist": {
                "type": "zip",
                "url": "https://api.github.com/repos/ikkez/f3-schema-builder/zipball/8ecf2eb6b7079d76b8923a8a5ad34c331ad8f557",
                "reference": "8ecf2eb6b7079d76b8923a8a5ad34c331ad8f557",
                "shasum": ""
            },
            "type": "library",
            "autoload": {
                "classmap": [
                    "lib/"
                ]
            },
            "notification-url": "https://packagist.org/downloads/",
            "license": [
                "GPL-3.0"
            ],
            "description": "SQL Schema Builder Plugin for PHP Fat-Free Framework",
            "homepage": "https://github.com/ikkez/f3-schema-builder",
            "keywords": [
                "F3",
                "fatfree",
                "sql"
            ],
            "time": "2015-05-18T21:21:50+00:00"
        }
    ],
    "packages-dev": [],
    "aliases": [],
    "minimum-stability": "stable",
    "stability-flags": [],
    "prefer-stable": false,
    "prefer-lowest": false,
    "platform": [],
    "platform-dev": []
}
